// !$*UTF8*$!
{
	archiveVersion = 1;
	classes = {
	};
	objectVersion = 46;
	objects = {

/* Begin PBXBuildFile section */
		9C7E68D916D3393900174179 /* UIKit.framework in Frameworks */ = {isa = PBXBuildFile; fileRef = 9C7E68D816D3393900174179 /* UIKit.framework */; };
		9C7E68DB16D3393900174179 /* Foundation.framework in Frameworks */ = {isa = PBXBuildFile; fileRef = 9C7E68DA16D3393900174179 /* Foundation.framework */; };
		9C7E68DD16D3393900174179 /* CoreGraphics.framework in Frameworks */ = {isa = PBXBuildFile; fileRef = 9C7E68DC16D3393900174179 /* CoreGraphics.framework */; };
		9C7E68E316D3393900174179 /* InfoPlist.strings in Resources */ = {isa = PBXBuildFile; fileRef = 9C7E68E116D3393900174179 /* InfoPlist.strings */; };
		9C7E68E516D3393900174179 /* main.m in Sources */ = {isa = PBXBuildFile; fileRef = 9C7E68E416D3393900174179 /* main.m */; };
		9C7E68E916D3393900174179 /* AppDelegate.m in Sources */ = {isa = PBXBuildFile; fileRef = 9C7E68E816D3393900174179 /* AppDelegate.m */; };
		9C7E68EB16D3393900174179 /* Default.png in Resources */ = {isa = PBXBuildFile; fileRef = 9C7E68EA16D3393900174179 /* Default.png */; };
		9C7E68ED16D3393900174179 /* Default@2x.png in Resources */ = {isa = PBXBuildFile; fileRef = 9C7E68EC16D3393900174179 /* Default@2x.png */; };
		9C7E68EF16D3393900174179 /* Default-568h@2x.png in Resources */ = {isa = PBXBuildFile; fileRef = 9C7E68EE16D3393900174179 /* Default-568h@2x.png */; };
		9C7E68F216D3393900174179 /* ViewController.m in Sources */ = {isa = PBXBuildFile; fileRef = 9C7E68F116D3393900174179 /* ViewController.m */; };
		9C7E68F516D3393900174179 /* ViewController.xib in Resources */ = {isa = PBXBuildFile; fileRef = 9C7E68F316D3393900174179 /* ViewController.xib */; };
/* End PBXBuildFile section */

/* Begin PBXFileReference section */
		9C7E68D516D3393900174179 /* week_3.app */ = {isa = PBXFileReference; explicitFileType = wrapper.application; includeInIndex = 0; path = week_3.app; sourceTree = BUILT_PRODUCTS_DIR; };
		9C7E68D816D3393900174179 /* UIKit.framework */ = {isa = PBXFileReference; lastKnownFileType = wrapper.framework; name = UIKit.framework; path = System/Library/Frameworks/UIKit.framework; sourceTree = SDKROOT; };
		9C7E68DA16D3393900174179 /* Foundation.framework */ = {isa = PBXFileReference; lastKnownFileType = wrapper.framework; name = Foundation.framework; path = System/Library/Frameworks/Foundation.framework; sourceTree = SDKROOT; };
		9C7E68DC16D3393900174179 /* CoreGraphics.framework */ = {isa = PBXFileReference; lastKnownFileType = wrapper.framework; name = CoreGraphics.framework; path = System/Library/Frameworks/CoreGraphics.framework; sourceTree = SDKROOT; };
		9C7E68E016D3393900174179 /* week_3-Info.plist */ = {isa = PBXFileReference; lastKnownFileType = text.plist.xml; path = "week_3-Info.plist"; sourceTree = "<group>"; };
		9C7E68E216D3393900174179 /* en */ = {isa = PBXFileReference; lastKnownFileType = text.plist.strings; name = en; path = en.lproj/InfoPlist.strings; sourceTree = "<group>"; };
		9C7E68E416D3393900174179 /* main.m */ = {isa = PBXFileReference; lastKnownFileType = sourcecode.c.objc; path = main.m; sourceTree = "<group>"; };
		9C7E68E616D3393900174179 /* week_3-Prefix.pch */ = {isa = PBXFileReference; lastKnownFileType = sourcecode.c.h; path = "week_3-Prefix.pch"; sourceTree = "<group>"; };
		9C7E68E716D3393900174179 /* AppDelegate.h */ = {isa = PBXFileReference; lastKnownFileType = sourcecode.c.h; path = AppDelegate.h; sourceTree = "<group>"; };
		9C7E68E816D3393900174179 /* AppDelegate.m */ = {isa = PBXFileReference; lastKnownFileType = sourcecode.c.objc; path = AppDelegate.m; sourceTree = "<group>"; };
		9C7E68EA16D3393900174179 /* Default.png */ = {isa = PBXFileReference; lastKnownFileType = image.png; path = Default.png; sourceTree = "<group>"; };
		9C7E68EC16D3393900174179 /* Default@2x.png */ = {isa = PBXFileReference; lastKnownFileType = image.png; path = "Default@2x.png"; sourceTree = "<group>"; };
		9C7E68EE16D3393900174179 /* Default-568h@2x.png */ = {isa = PBXFileReference; lastKnownFileType = image.png; path = "Default-568h@2x.png"; sourceTree = "<group>"; };
		9C7E68F016D3393900174179 /* ViewController.h */ = {isa = PBXFileReference; lastKnownFileType = sourcecode.c.h; path = ViewController.h; sourceTree = "<group>"; };
		9C7E68F116D3393900174179 /* ViewController.m */ = {isa = PBXFileReference; lastKnownFileType = sourcecode.c.objc; path = ViewController.m; sourceTree = "<group>"; };
		9C7E68F416D3393900174179 /* en */ = {isa = PBXFileReference; lastKnownFileType = file.xib; name = en; path = en.lproj/ViewController.xib; sourceTree = "<group>"; };
/* End PBXFileReference section */

/* Begin PBXFrameworksBuildPhase section */
		9C7E68D216D3393900174179 /* Frameworks */ = {
			isa = PBXFrameworksBuildPhase;
			buildActionMask = 2147483647;
			files = (
				9C7E68D916D3393900174179 /* UIKit.framework in Frameworks */,
				9C7E68DB16D3393900174179 /* Foundation.framework in Frameworks */,
				9C7E68DD16D3393900174179 /* CoreGraphics.framework in Frameworks */,
			);
			runOnlyForDeploymentPostprocessing = 0;
		};
/* End PBXFrameworksBuildPhase section */

/* Begin PBXGroup section */
		9C7E68CC16D3393900174179 = {
			isa = PBXGroup;
			children = (
				9C7E68DE16D3393900174179 /* week_3 */,
				9C7E68D716D3393900174179 /* Frameworks */,
				9C7E68D616D3393900174179 /* Products */,
			);
			sourceTree = "<group>";
		};
		9C7E68D616D3393900174179 /* Products */ = {
			isa = PBXGroup;
			children = (
				9C7E68D516D3393900174179 /* week_3.app */,
			);
			name = Products;
			sourceTree = "<group>";
		};
		9C7E68D716D3393900174179 /* Frameworks */ = {
			isa = PBXGroup;
			children = (
				9C7E68D816D3393900174179 /* UIKit.framework */,
				9C7E68DA16D3393900174179 /* Foundation.framework */,
				9C7E68DC16D3393900174179 /* CoreGraphics.framework */,
			);
			name = Frameworks;
			sourceTree = "<group>";
		};
		9C7E68DE16D3393900174179 /* week_3 */ = {
			isa = PBXGroup;
			children = (
				9C7E68E716D3393900174179 /* AppDelegate.h */,
				9C7E68E816D3393900174179 /* AppDelegate.m */,
				9C7E68F016D3393900174179 /* ViewController.h */,
				9C7E68F116D3393900174179 /* ViewController.m */,
				9C7E68F316D3393900174179 /* ViewController.xib */,
				9C7E68DF16D3393900174179 /* Supporting Files */,
			);
			path = week_3;
			sourceTree = "<group>";
		};
		9C7E68DF16D3393900174179 /* Supporting Files */ = {
			isa = PBXGroup;
			children = (
				9C7E68E016D3393900174179 /* week_3-Info.plist */,
				9C7E68E116D3393900174179 /* InfoPlist.strings */,
				9C7E68E416D3393900174179 /* main.m */,
				9C7E68E616D3393900174179 /* week_3-Prefix.pch */,
				9C7E68EA16D3393900174179 /* Default.png */,
				9C7E68EC16D3393900174179 /* Default@2x.png */,
				9C7E68EE16D3393900174179 /* Default-568h@2x.png */,
			);
			name = "Supporting Files";
			sourceTree = "<group>";
		};
/* End PBXGroup section */

/* Begin PBXNativeTarget section */
		9C7E68D416D3393900174179 /* week_3 */ = {
			isa = PBXNativeTarget;
			buildConfigurationList = 9C7E68F816D3393900174179 /* Build configuration list for PBXNativeTarget "week_3" */;
			buildPhases = (
				9C7E68D116D3393900174179 /* Sources */,
				9C7E68D216D3393900174179 /* Frameworks */,
				9C7E68D316D3393900174179 /* Resources */,
			);
			buildRules = (
			);
			dependencies = (
			);
			name = week_3;
			productName = week_3;
			productReference = 9C7E68D516D3393900174179 /* week_3.app */;
			productType = "com.apple.product-type.application";
		};
/* End PBXNativeTarget section */

/* Begin PBXProject section */
		9C7E68CD16D3393900174179 /* Project object */ = {
			isa = PBXProject;
			attributes = {
				LastUpgradeCheck = 0460;
				ORGANIZATIONNAME = "Willson Ayotte (NEW)";
			};
			buildConfigurationList = 9C7E68D016D3393900174179 /* Build configuration list for PBXProject "week_3" */;
			compatibilityVersion = "Xcode 3.2";
			developmentRegion = English;
			hasScannedForEncodings = 0;
			knownRegions = (
				en,
			);
			mainGroup = 9C7E68CC16D3393900174179;
			productRefGroup = 9C7E68D616D3393900174179 /* Products */;
			projectDirPath = "";
			projectRoot = "";
			targets = (
				9C7E68D416D3393900174179 /* week_3 */,
			);
		};
/* End PBXProject section */

/* Begin PBXResourcesBuildPhase section */
		9C7E68D316D3393900174179 /* Resources */ = {
			isa = PBXResourcesBuildPhase;
			buildActionMask = 2147483647;
			files = (
				9C7E68E316D3393900174179 /* InfoPlist.strings in Resources */,
				9C7E68EB16D3393900174179 /* Default.png in Resources */,
				9C7E68ED16D3393900174179 /* Default@2x.png in Resources */,
				9C7E68EF16D3393900174179 /* Default-568h@2x.png in Resources */,
				9C7E68F516D3393900174179 /* ViewController.xib in Resources */,
			);
			runOnlyForDeploymentPostprocessing = 0;
		};
/* End PBXResourcesBuildPhase section */

/* Begin PBXSourcesBuildPhase section */
		9C7E68D116D3393900174179 /* Sources */ = {
			isa = PBXSourcesBuildPhase;
			buildActionMask = 2147483647;
			files = (
				9C7E68E516D3393900174179 /* main.m in Sources */,
				9C7E68E916D3393900174179 /* AppDelegate.m in Sources */,
				9C7E68F216D3393900174179 /* ViewController.m in Sources */,
			);
			runOnlyForDeploymentPostprocessing = 0;
		};
/* End PBXSourcesBuildPhase section */

/* Begin PBXVariantGroup section */
		9C7E68E116D3393900174179 /* InfoPlist.strings */ = {
			isa = PBXVariantGroup;
			children = (
				9C7E68E216D3393900174179 /* en */,
			);
			name = InfoPlist.strings;
			sourceTree = "<group>";
		};
		9C7E68F316D3393900174179 /* ViewController.xib */ = {
			isa = PBXVariantGroup;
			children = (
				9C7E68F416D3393900174179 /* en */,
			);
			name = ViewController.xib;
			sourceTree = "<group>";
		};
/* End PBXVariantGroup section */

/* Begin XCBuildConfiguration section */
		9C7E68F616D3393900174179 /* Debug */ = {
			isa = XCBuildConfiguration;
			buildSettings = {
				ALWAYS_SEARCH_USER_PATHS = NO;
				CLANG_CXX_LANGUAGE_STANDARD = "gnu++0x";
				CLANG_CXX_LIBRARY = "libc++";
				CLANG_WARN_CONSTANT_CONVERSION = YES;
				CLANG_WARN_EMPTY_BODY = YES;
				CLANG_WARN_ENUM_CONVERSION = YES;
				CLANG_WARN_INT_CONVERSION = YES;
				CLANG_WARN__DUPLICATE_METHOD_MATCH = YES;
				"CODE_SIGN_IDENTITY[sdk=iphoneos*]" = "iPhone Developer";
				COPY_PHASE_STRIP = NO;
				GCC_C_LANGUAGE_STANDARD = gnu99;
				GCC_DYNAMIC_NO_PIC = NO;
				GCC_OPTIMIZATION_LEVEL = 0;
				GCC_PREPROCESSOR_DEFINITIONS = (
					"DEBUG=1",
					"$(inherited)",
				);
				GCC_SYMBOLS_PRIVATE_EXTERN = NO;
				GCC_WARN_ABOUT_RETURN_TYPE = YES;
				GCC_WARN_UNINITIALIZED_AUTOS = YES;
				GCC_WARN_UNUSED_VARIABLE = YES;
				IPHONEOS_DEPLOYMENT_TARGET = 6.1;
				ONLY_ACTIVE_ARCH = YES;
				SDKROOT = iphoneos;
				TARGETED_DEVICE_FAMILY = 2;
			};
			name = Debug;
		};
		9C7E68F716D3393900174179 /* Release */ = {
			isa = XCBuildConfiguration;
			buildSettings = {
				ALWAYS_SEARCH_USER_PATHS = NO;
				CLANG_CXX_LANGUAGE_STANDARD = "gnu++0x";
				CLANG_CXX_LIBRARY = "libc++";
				CLANG_WARN_CONSTANT_CONVERSION = YES;
				CLANG_WARN_EMPTY_BODY = YES;
				CLANG_WARN_ENUM_CONVERSION = YES;
				CLANG_WARN_INT_CONVERSION = YES;
				CLANG_WARN__DUPLICATE_METHOD_MATCH = YES;
				"CODE_SIGN_IDENTITY[sdk=iphoneos*]" = "iPhone Developer";
				COPY_PHASE_STRIP = YES;
				GCC_C_LANGUAGE_STANDARD = gnu99;
				GCC_WARN_ABOUT_RETURN_TYPE = YES;
				GCC_WARN_UNINITIALIZED_AUTOS = YES;
				GCC_WARN_UNUSED_VARIABLE = YES;
				IPHONEOS_DEPLOYMENT_TARGET = 6.1;
				OTHER_CFLAGS = "-DNS_BLOCK_ASSERTIONS=1";
				SDKROOT = iphoneos;
				TARGETED_DEVICE_FAMILY = 2;
				VALIDATE_PRODUCT = YES;
			};
			name = Release;
		};
		9C7E68F916D3393900174179 /* Debug */ = {
			isa = XCBuildConfiguration;
			buildSettings = {
				GCC_PRECOMPILE_PREFIX_HEADER = YES;
				GCC_PREFIX_HEADER = "week_3/week_3-Prefix.pch";
				INFOPLIST_FILE = "week_3/week_3-Info.plist";
				PRODUCT_NAME = "$(TARGET_NAME)";
				WRAPPER_EXTENSION = app;
			};
			name = Debug;
		};
		9C7E68FA16D3393900174179 /* Release */ = {
			isa = XCBuildConfiguration;
			buildSettings = {
				GCC_PRECOMPILE_PREFIX_HEADER = YES;
				GCC_PREFIX_HEADER = "week_3/week_3-Prefix.pch";
				INFOPLIST_FILE = "week_3/week_3-Info.plist";
				PRODUCT_NAME = "$(TARGET_NAME)";
				WRAPPER_EXTENSION = app;
			};
			name = Release;
		};
/* End XCBuildConfiguration section */

/* Begin XCConfigurationList section */
		9C7E68D016D3393900174179 /* Build configuration list for PBXProject "week_3" */ = {
			isa = XCConfigurationList;
			buildConfigurations = (
				9C7E68F616D3393900174179 /* Debug */,
				9C7E68F716D3393900174179 /* Release */,
			);
			defaultConfigurationIsVisible = 0;
			defaultConfigurationName = Release;
		};
		9C7E68F816D3393900174179 /* Build configuration list for PBXNativeTarget "week_3" */ = {
			isa = XCConfigurationList;
			buildConfigurations = (
				9C7E68F916D3393900174179 /* Debug */,
				9C7E68FA16D3393900174179 /* Release */,
			);
			defaultConfigurationIsVisible = 0;
			defaultConfigurationName = Release;
		};
/* End XCConfigurationList section */
	};
	rootObject = 9C7E68CD16D3393900174179 /* Project object */;
}
