// !$*UTF8*$!
{
	archiveVersion = 1;
	classes = {
	};
	objectVersion = 46;
	objects = {

/* Begin PBXBuildFile section */
		9CCCCEF216CA234E00723302 /* UIKit.framework in Frameworks */ = {isa = PBXBuildFile; fileRef = 9CCCCEF116CA234E00723302 /* UIKit.framework */; };
		9CCCCEF416CA234E00723302 /* Foundation.framework in Frameworks */ = {isa = PBXBuildFile; fileRef = 9CCCCEF316CA234E00723302 /* Foundation.framework */; };
		9CCCCEF616CA234E00723302 /* CoreGraphics.framework in Frameworks */ = {isa = PBXBuildFile; fileRef = 9CCCCEF516CA234E00723302 /* CoreGraphics.framework */; };
		9CCCCEFC16CA234E00723302 /* InfoPlist.strings in Resources */ = {isa = PBXBuildFile; fileRef = 9CCCCEFA16CA234E00723302 /* InfoPlist.strings */; };
		9CCCCEFE16CA234E00723302 /* main.m in Sources */ = {isa = PBXBuildFile; fileRef = 9CCCCEFD16CA234E00723302 /* main.m */; };
		9CCCCF0216CA234E00723302 /* AppDelegate.m in Sources */ = {isa = PBXBuildFile; fileRef = 9CCCCF0116CA234E00723302 /* AppDelegate.m */; };
		9CCCCF0416CA234E00723302 /* Default.png in Resources */ = {isa = PBXBuildFile; fileRef = 9CCCCF0316CA234E00723302 /* Default.png */; };
		9CCCCF0616CA234E00723302 /* Default@2x.png in Resources */ = {isa = PBXBuildFile; fileRef = 9CCCCF0516CA234E00723302 /* Default@2x.png */; };
		9CCCCF0816CA234E00723302 /* Default-568h@2x.png in Resources */ = {isa = PBXBuildFile; fileRef = 9CCCCF0716CA234E00723302 /* Default-568h@2x.png */; };
		9CCCCF0B16CA234E00723302 /* ViewController.m in Sources */ = {isa = PBXBuildFile; fileRef = 9CCCCF0A16CA234E00723302 /* ViewController.m */; };
		9CCCCF0E16CA234E00723302 /* ViewController.xib in Resources */ = {isa = PBXBuildFile; fileRef = 9CCCCF0C16CA234E00723302 /* ViewController.xib */; };
		9CCCCF2616CA5CCD00723302 /* QuartzCore.framework in Frameworks */ = {isa = PBXBuildFile; fileRef = 9CCCCF2516CA5CCD00723302 /* QuartzCore.framework */; };
		9CCCCF4216CA63BE00723302 /* Perksofbeingwallflower1.png in Resources */ = {isa = PBXBuildFile; fileRef = 9CCCCF4116CA63BE00723302 /* Perksofbeingwallflower1.png */; };
/* End PBXBuildFile section */

/* Begin PBXFileReference section */
		9CCCCEED16CA234E00723302 /* singleview.app */ = {isa = PBXFileReference; explicitFileType = wrapper.application; includeInIndex = 0; path = singleview.app; sourceTree = BUILT_PRODUCTS_DIR; };
		9CCCCEF116CA234E00723302 /* UIKit.framework */ = {isa = PBXFileReference; lastKnownFileType = wrapper.framework; name = UIKit.framework; path = System/Library/Frameworks/UIKit.framework; sourceTree = SDKROOT; };
		9CCCCEF316CA234E00723302 /* Foundation.framework */ = {isa = PBXFileReference; lastKnownFileType = wrapper.framework; name = Foundation.framework; path = System/Library/Frameworks/Foundation.framework; sourceTree = SDKROOT; };
		9CCCCEF516CA234E00723302 /* CoreGraphics.framework */ = {isa = PBXFileReference; lastKnownFileType = wrapper.framework; name = CoreGraphics.framework; path = System/Library/Frameworks/CoreGraphics.framework; sourceTree = SDKROOT; };
		9CCCCEF916CA234E00723302 /* singleview-Info.plist */ = {isa = PBXFileReference; lastKnownFileType = text.plist.xml; path = "singleview-Info.plist"; sourceTree = "<group>"; };
		9CCCCEFB16CA234E00723302 /* en */ = {isa = PBXFileReference; lastKnownFileType = text.plist.strings; name = en; path = en.lproj/InfoPlist.strings; sourceTree = "<group>"; };
		9CCCCEFD16CA234E00723302 /* main.m */ = {isa = PBXFileReference; lastKnownFileType = sourcecode.c.objc; path = main.m; sourceTree = "<group>"; };
		9CCCCEFF16CA234E00723302 /* singleview-Prefix.pch */ = {isa = PBXFileReference; lastKnownFileType = sourcecode.c.h; path = "singleview-Prefix.pch"; sourceTree = "<group>"; };
		9CCCCF0016CA234E00723302 /* AppDelegate.h */ = {isa = PBXFileReference; lastKnownFileType = sourcecode.c.h; path = AppDelegate.h; sourceTree = "<group>"; };
		9CCCCF0116CA234E00723302 /* AppDelegate.m */ = {isa = PBXFileReference; lastKnownFileType = sourcecode.c.objc; path = AppDelegate.m; sourceTree = "<group>"; };
		9CCCCF0316CA234E00723302 /* Default.png */ = {isa = PBXFileReference; lastKnownFileType = image.png; path = Default.png; sourceTree = "<group>"; };
		9CCCCF0516CA234E00723302 /* Default@2x.png */ = {isa = PBXFileReference; lastKnownFileType = image.png; path = "Default@2x.png"; sourceTree = "<group>"; };
		9CCCCF0716CA234E00723302 /* Default-568h@2x.png */ = {isa = PBXFileReference; lastKnownFileType = image.png; path = "Default-568h@2x.png"; sourceTree = "<group>"; };
		9CCCCF0916CA234E00723302 /* ViewController.h */ = {isa = PBXFileReference; lastKnownFileType = sourcecode.c.h; path = ViewController.h; sourceTree = "<group>"; };
		9CCCCF0A16CA234E00723302 /* ViewController.m */ = {isa = PBXFileReference; lastKnownFileType = sourcecode.c.objc; path = ViewController.m; sourceTree = "<group>"; };
		9CCCCF0D16CA234E00723302 /* en */ = {isa = PBXFileReference; lastKnownFileType = file.xib; name = en; path = en.lproj/ViewController.xib; sourceTree = "<group>"; };
		9CCCCF2516CA5CCD00723302 /* QuartzCore.framework */ = {isa = PBXFileReference; lastKnownFileType = wrapper.framework; name = QuartzCore.framework; path = System/Library/Frameworks/QuartzCore.framework; sourceTree = SDKROOT; };
		9CCCCF4116CA63BE00723302 /* Perksofbeingwallflower1.png */ = {isa = PBXFileReference; lastKnownFileType = image.png; name = Perksofbeingwallflower1.png; path = ../../../../Downloads/Perksofbeingwallflower1.png; sourceTree = "<group>"; };
/* End PBXFileReference section */

/* Begin PBXFrameworksBuildPhase section */
		9CCCCEEA16CA234E00723302 /* Frameworks */ = {
			isa = PBXFrameworksBuildPhase;
			buildActionMask = 2147483647;
			files = (
				9CCCCF2616CA5CCD00723302 /* QuartzCore.framework in Frameworks */,
				9CCCCEF216CA234E00723302 /* UIKit.framework in Frameworks */,
				9CCCCEF416CA234E00723302 /* Foundation.framework in Frameworks */,
				9CCCCEF616CA234E00723302 /* CoreGraphics.framework in Frameworks */,
			);
			runOnlyForDeploymentPostprocessing = 0;
		};
/* End PBXFrameworksBuildPhase section */

/* Begin PBXGroup section */
		9CCCCEE216CA234E00723302 = {
			isa = PBXGroup;
			children = (
				9CCCCEF716CA234E00723302 /* singleview */,
				9CCCCEF016CA234E00723302 /* Frameworks */,
				9CCCCEEE16CA234E00723302 /* Products */,
			);
			sourceTree = "<group>";
		};
		9CCCCEEE16CA234E00723302 /* Products */ = {
			isa = PBXGroup;
			children = (
				9CCCCEED16CA234E00723302 /* singleview.app */,
			);
			name = Products;
			sourceTree = "<group>";
		};
		9CCCCEF016CA234E00723302 /* Frameworks */ = {
			isa = PBXGroup;
			children = (
				9CCCCF2516CA5CCD00723302 /* QuartzCore.framework */,
				9CCCCEF116CA234E00723302 /* UIKit.framework */,
				9CCCCEF316CA234E00723302 /* Foundation.framework */,
				9CCCCEF516CA234E00723302 /* CoreGraphics.framework */,
			);
			name = Frameworks;
			sourceTree = "<group>";
		};
		9CCCCEF716CA234E00723302 /* singleview */ = {
			isa = PBXGroup;
			children = (
				9CCCCF4116CA63BE00723302 /* Perksofbeingwallflower1.png */,
				9CCCCF0016CA234E00723302 /* AppDelegate.h */,
				9CCCCF0116CA234E00723302 /* AppDelegate.m */,
				9CCCCF0916CA234E00723302 /* ViewController.h */,
				9CCCCF0A16CA234E00723302 /* ViewController.m */,
				9CCCCF0C16CA234E00723302 /* ViewController.xib */,
				9CCCCEF816CA234E00723302 /* Supporting Files */,
			);
			path = singleview;
			sourceTree = "<group>";
		};
		9CCCCEF816CA234E00723302 /* Supporting Files */ = {
			isa = PBXGroup;
			children = (
				9CCCCEF916CA234E00723302 /* singleview-Info.plist */,
				9CCCCEFA16CA234E00723302 /* InfoPlist.strings */,
				9CCCCEFD16CA234E00723302 /* main.m */,
				9CCCCEFF16CA234E00723302 /* singleview-Prefix.pch */,
				9CCCCF0316CA234E00723302 /* Default.png */,
				9CCCCF0516CA234E00723302 /* Default@2x.png */,
				9CCCCF0716CA234E00723302 /* Default-568h@2x.png */,
			);
			name = "Supporting Files";
			sourceTree = "<group>";
		};
/* End PBXGroup section */

/* Begin PBXNativeTarget section */
		9CCCCEEC16CA234E00723302 /* singleview */ = {
			isa = PBXNativeTarget;
			buildConfigurationList = 9CCCCF1116CA234E00723302 /* Build configuration list for PBXNativeTarget "singleview" */;
			buildPhases = (
				9CCCCEE916CA234E00723302 /* Sources */,
				9CCCCEEA16CA234E00723302 /* Frameworks */,
				9CCCCEEB16CA234E00723302 /* Resources */,
			);
			buildRules = (
			);
			dependencies = (
			);
			name = singleview;
			productName = singleview;
			productReference = 9CCCCEED16CA234E00723302 /* singleview.app */;
			productType = "com.apple.product-type.application";
		};
/* End PBXNativeTarget section */

/* Begin PBXProject section */
		9CCCCEE416CA234E00723302 /* Project object */ = {
			isa = PBXProject;
			attributes = {
				LastUpgradeCheck = 0450;
				ORGANIZATIONNAME = "Willson Ayotte (NEW)";
			};
			buildConfigurationList = 9CCCCEE716CA234E00723302 /* Build configuration list for PBXProject "singleview" */;
			compatibilityVersion = "Xcode 3.2";
			developmentRegion = English;
			hasScannedForEncodings = 0;
			knownRegions = (
				en,
			);
			mainGroup = 9CCCCEE216CA234E00723302;
			productRefGroup = 9CCCCEEE16CA234E00723302 /* Products */;
			projectDirPath = "";
			projectRoot = "";
			targets = (
				9CCCCEEC16CA234E00723302 /* singleview */,
			);
		};
/* End PBXProject section */

/* Begin PBXResourcesBuildPhase section */
		9CCCCEEB16CA234E00723302 /* Resources */ = {
			isa = PBXResourcesBuildPhase;
			buildActionMask = 2147483647;
			files = (
				9CCCCEFC16CA234E00723302 /* InfoPlist.strings in Resources */,
				9CCCCF0416CA234E00723302 /* Default.png in Resources */,
				9CCCCF0616CA234E00723302 /* Default@2x.png in Resources */,
				9CCCCF0816CA234E00723302 /* Default-568h@2x.png in Resources */,
				9CCCCF0E16CA234E00723302 /* ViewController.xib in Resources */,
				9CCCCF4216CA63BE00723302 /* Perksofbeingwallflower1.png in Resources */,
			);
			runOnlyForDeploymentPostprocessing = 0;
		};
/* End PBXResourcesBuildPhase section */

/* Begin PBXSourcesBuildPhase section */
		9CCCCEE916CA234E00723302 /* Sources */ = {
			isa = PBXSourcesBuildPhase;
			buildActionMask = 2147483647;
			files = (
				9CCCCEFE16CA234E00723302 /* main.m in Sources */,
				9CCCCF0216CA234E00723302 /* AppDelegate.m in Sources */,
				9CCCCF0B16CA234E00723302 /* ViewController.m in Sources */,
			);
			runOnlyForDeploymentPostprocessing = 0;
		};
/* End PBXSourcesBuildPhase section */

/* Begin PBXVariantGroup section */
		9CCCCEFA16CA234E00723302 /* InfoPlist.strings */ = {
			isa = PBXVariantGroup;
			children = (
				9CCCCEFB16CA234E00723302 /* en */,
			);
			name = InfoPlist.strings;
			sourceTree = "<group>";
		};
		9CCCCF0C16CA234E00723302 /* ViewController.xib */ = {
			isa = PBXVariantGroup;
			children = (
				9CCCCF0D16CA234E00723302 /* en */,
			);
			name = ViewController.xib;
			sourceTree = "<group>";
		};
/* End PBXVariantGroup section */

/* Begin XCBuildConfiguration section */
		9CCCCF0F16CA234E00723302 /* Debug */ = {
			isa = XCBuildConfiguration;
			buildSettings = {
				ALWAYS_SEARCH_USER_PATHS = NO;
				CLANG_CXX_LANGUAGE_STANDARD = "gnu++0x";
				CLANG_CXX_LIBRARY = "libc++";
				CLANG_WARN_EMPTY_BODY = YES;
				CLANG_WARN__DUPLICATE_METHOD_MATCH = YES;
				"CODE_SIGN_IDENTITY[sdk=iphoneos*]" = "iPhone Developer";
				COPY_PHASE_STRIP = NO;
				GCC_C_LANGUAGE_STANDARD = gnu99;
				GCC_DYNAMIC_NO_PIC = NO;
				GCC_OPTIMIZATION_LEVEL = 0;
				GCC_PREPROCESSOR_DEFINITIONS = (
					"DEBUG=1",
					"$(inherited)",
				);
				GCC_SYMBOLS_PRIVATE_EXTERN = NO;
				GCC_WARN_ABOUT_RETURN_TYPE = YES;
				GCC_WARN_UNINITIALIZED_AUTOS = YES;
				GCC_WARN_UNUSED_VARIABLE = YES;
				IPHONEOS_DEPLOYMENT_TARGET = 6.0;
				ONLY_ACTIVE_ARCH = YES;
				SDKROOT = iphoneos;
				TARGETED_DEVICE_FAMILY = 2;
			};
			name = Debug;
		};
		9CCCCF1016CA234E00723302 /* Release */ = {
			isa = XCBuildConfiguration;
			buildSettings = {
				ALWAYS_SEARCH_USER_PATHS = NO;
				CLANG_CXX_LANGUAGE_STANDARD = "gnu++0x";
				CLANG_CXX_LIBRARY = "libc++";
				CLANG_WARN_EMPTY_BODY = YES;
				CLANG_WARN__DUPLICATE_METHOD_MATCH = YES;
				"CODE_SIGN_IDENTITY[sdk=iphoneos*]" = "iPhone Developer";
				COPY_PHASE_STRIP = YES;
				GCC_C_LANGUAGE_STANDARD = gnu99;
				GCC_WARN_ABOUT_RETURN_TYPE = YES;
				GCC_WARN_UNINITIALIZED_AUTOS = YES;
				GCC_WARN_UNUSED_VARIABLE = YES;
				IPHONEOS_DEPLOYMENT_TARGET = 6.0;
				OTHER_CFLAGS = "-DNS_BLOCK_ASSERTIONS=1";
				SDKROOT = iphoneos;
				TARGETED_DEVICE_FAMILY = 2;
				VALIDATE_PRODUCT = YES;
			};
			name = Release;
		};
		9CCCCF1216CA234E00723302 /* Debug */ = {
			isa = XCBuildConfiguration;
			buildSettings = {
				GCC_PRECOMPILE_PREFIX_HEADER = YES;
				GCC_PREFIX_HEADER = "singleview/singleview-Prefix.pch";
				INFOPLIST_FILE = "singleview/singleview-Info.plist";
				PRODUCT_NAME = "$(TARGET_NAME)";
				WRAPPER_EXTENSION = app;
			};
			name = Debug;
		};
		9CCCCF1316CA234E00723302 /* Release */ = {
			isa = XCBuildConfiguration;
			buildSettings = {
				GCC_PRECOMPILE_PREFIX_HEADER = YES;
				GCC_PREFIX_HEADER = "singleview/singleview-Prefix.pch";
				INFOPLIST_FILE = "singleview/singleview-Info.plist";
				PRODUCT_NAME = "$(TARGET_NAME)";
				WRAPPER_EXTENSION = app;
			};
			name = Release;
		};
/* End XCBuildConfiguration section */

/* Begin XCConfigurationList section */
		9CCCCEE716CA234E00723302 /* Build configuration list for PBXProject "singleview" */ = {
			isa = XCConfigurationList;
			buildConfigurations = (
				9CCCCF0F16CA234E00723302 /* Debug */,
				9CCCCF1016CA234E00723302 /* Release */,
			);
			defaultConfigurationIsVisible = 0;
			defaultConfigurationName = Release;
		};
		9CCCCF1116CA234E00723302 /* Build configuration list for PBXNativeTarget "singleview" */ = {
			isa = XCConfigurationList;
			buildConfigurations = (
				9CCCCF1216CA234E00723302 /* Debug */,
				9CCCCF1316CA234E00723302 /* Release */,
			);
			defaultConfigurationIsVisible = 0;
			defaultConfigurationName = Release;
		};
/* End XCConfigurationList section */
	};
	rootObject = 9CCCCEE416CA234E00723302 /* Project object */;
}
